{
  "name": "dicelog",
  "version": "1.0.0",
  "lockfileVersion": 1,
  "requires": true,
  "dependencies": {
    "eslint-plugin-flowtype": {
      "version": "2.40.1",
      "resolved": "https://registry.npmjs.org/eslint-plugin-flowtype/-/eslint-plugin-flowtype-2.40.1.tgz",
      "integrity": "sha512-0EBDPR3/iguDQin7nb5WMT1ZWYB95eNllY+oiFZjvLa1oqE0BGO6ZSFnMdNE9HEkajB6Cw850PRIBbp+O+EzYQ==",
      "dev": true,
      "requires": {
        "lodash": "4.17.4"
      }
    },
    "lodash": {
      "version": "4.17.4",
      "resolved": "https://registry.npmjs.org/lodash/-/lodash-4.17.4.tgz",
      "integrity": "sha1-eCA6TRwyiuHYbcpkYONptX9AVa4=",
      "dev": true
    }
  }
}
